
Microsoft Visual Studio Solution File, Format Version 12.00
# Visual Studio Version 17
VisualStudioVersion = 17.6.33723.286
MinimumVisualStudioVersion = 10.0.40219.1
Project("{9A19103F-16F7-4668-BE54-9A1E7A4F7556}") = "ChallengeApp2", "ChallengeApp2\ChallengeApp2.csproj", "{BA866FA5-9297-40E8-BB24-DEB2E2F7E4F0}"
EndProject
Project("{2150E333-8FDC-42A3-9474-1A3956D46DE8}") = "Solution Items", "Solution Items", "{8004EC5B-0C5C-4E14-A52A-A2B9EDF6F19C}"
EndProject
Global
	GlobalSection(SolutionConfigurationPlatforms) = preSolution
		Debug|Any CPU = Debug|Any CPU
		Release|Any CPU = Release|Any CPU
	EndGlobalSection
	GlobalSection(ProjectConfigurationPlatforms) = postSolution
		{BA866FA5-9297-40E8-BB24-DEB2E2F7E4F0}.Debug|Any CPU.ActiveCfg = Debug|Any CPU
		{BA866FA5-9297-40E8-BB24-DEB2E2F7E4F0}.Debug|Any CPU.Build.0 = Debug|Any CPU
		{BA866FA5-9297-40E8-BB24-DEB2E2F7E4F0}.Release|Any CPU.ActiveCfg = Release|Any CPU
		{BA866FA5-9297-40E8-BB24-DEB2E2F7E4F0}.Release|Any CPU.Build.0 = Release|Any CPU
	EndGlobalSection
	GlobalSection(SolutionProperties) = preSolution
		HideSolutionNode = FALSE
	EndGlobalSection
	GlobalSection(ExtensibilityGlobals) = postSolution
		SolutionGuid = {01472695-EE67-45AE-8BDF-3274DB596C67}
	EndGlobalSection
EndGlobal
